dependencies:
  idf:
    source:
      type: idf
    version: 5.5.2
  igrr/libnmea:
    component_hash: d6e78e853e75882c17cd4f200d110b84824e728cefbb84152227f0f4f98d8a50
    dependencies:
    - name: idf
      require: private
      version: '>=4.2'
    source:
      registry_url: https://components.espressif.com/
      type: service
    version: 0.2.1
direct_dependencies:
- igrr/libnmea
manifest_hash: c29968c579587b2b60d0d689fbe205ff1dab759e27adb3bde6b9b5a5b862a4ea
target: esp32
version: 2.0.0
